
Microsoft Visual Studio Solution File, Format Version 12.00
# Visual Studio Version 16
VisualStudioVersion = 16.0.31410.357
MinimumVisualStudioVersion = 10.0.40219.1
Project("{FAE04EC0-301F-11D3-BF4B-00C04F79EFBC}") = "ADODOTNET_DAL", "ADODOTNET_DAL.csproj", "{3B26D5A1-B5FD-42FC-81BB-F330EF3E33F1}"
EndProject
Project("{FAE04EC0-301F-11D3-BF4B-00C04F79EFBC}") = "ADODOTNET_DataAccess", "..\ADODOTNET_DataAccess\ADODOTNET_DataAccess.csproj", "{01429E82-3D6B-456E-A350-8C0D7B89CA0D}"
EndProject
Global
	GlobalSection(SolutionConfigurationPlatforms) = preSolution
		Debug|Any CPU = Debug|Any CPU
		Release|Any CPU = Release|Any CPU
	EndGlobalSection
	GlobalSection(ProjectConfigurationPlatforms) = postSolution
		{3B26D5A1-B5FD-42FC-81BB-F330EF3E33F1}.Debug|Any CPU.ActiveCfg = Debug|Any CPU
		{3B26D5A1-B5FD-42FC-81BB-F330EF3E33F1}.Debug|Any CPU.Build.0 = Debug|Any CPU
		{3B26D5A1-B5FD-42FC-81BB-F330EF3E33F1}.Release|Any CPU.ActiveCfg = Release|Any CPU
		{3B26D5A1-B5FD-42FC-81BB-F330EF3E33F1}.Release|Any CPU.Build.0 = Release|Any CPU
		{01429E82-3D6B-456E-A350-8C0D7B89CA0D}.Debug|Any CPU.ActiveCfg = Debug|Any CPU
		{01429E82-3D6B-456E-A350-8C0D7B89CA0D}.Debug|Any CPU.Build.0 = Debug|Any CPU
		{01429E82-3D6B-456E-A350-8C0D7B89CA0D}.Release|Any CPU.ActiveCfg = Release|Any CPU
		{01429E82-3D6B-456E-A350-8C0D7B89CA0D}.Release|Any CPU.Build.0 = Release|Any CPU
	EndGlobalSection
	GlobalSection(SolutionProperties) = preSolution
		HideSolutionNode = FALSE
	EndGlobalSection
	GlobalSection(ExtensibilityGlobals) = postSolution
		SolutionGuid = {88CDA6B6-10AC-4B97-BB18-72351572968E}
	EndGlobalSection
EndGlobal
